
Microsoft Visual Studio Solution File, Format Version 12.00
# Visual Studio Version 17
VisualStudioVersion = 17.5.33424.131
MinimumVisualStudioVersion = 10.0.40219.1
Project("{FAE04EC0-301F-11D3-BF4B-00C04F79EFBC}") = "SimpleCalculator", "SimpleCalculator.csproj", "{DD670A6F-098C-484E-866C-178ADA7E7200}"
EndProject
Global
	GlobalSection(SolutionConfigurationPlatforms) = preSolution
		Debug|Any CPU = Debug|Any CPU
		Release|Any CPU = Release|Any CPU
	EndGlobalSection
	GlobalSection(ProjectConfigurationPlatforms) = postSolution
		{DD670A6F-098C-484E-866C-178ADA7E7200}.Debug|Any CPU.ActiveCfg = Debug|Any CPU
		{DD670A6F-098C-484E-866C-178ADA7E7200}.Debug|Any CPU.Build.0 = Debug|Any CPU
		{DD670A6F-098C-484E-866C-178ADA7E7200}.Release|Any CPU.ActiveCfg = Release|Any CPU
		{DD670A6F-098C-484E-866C-178ADA7E7200}.Release|Any CPU.Build.0 = Release|Any CPU
	EndGlobalSection
	GlobalSection(SolutionProperties) = preSolution
		HideSolutionNode = FALSE
	EndGlobalSection
	GlobalSection(ExtensibilityGlobals) = postSolution
		SolutionGuid = {357F1B6A-FF22-4EEE-9B1E-D5D4EE5887DE}
	EndGlobalSection
EndGlobal
